
Microsoft Visual Studio Solution File, Format Version 12.00
# Visual Studio Version 16
VisualStudioVersion = 25.0.1703.7
MinimumVisualStudioVersion = 10.0.40219.1
Project("{FAE04EC0-301F-11D3-BF4B-00C04F79EFBC}") = "UdemyCourse", "UdemyCourse\UdemyCourse.csproj", "{23AABFC8-9278-45B6-861B-AD522D18C4E2}"
EndProject
Global
	GlobalSection(SolutionConfigurationPlatforms) = preSolution
		Debug|Any CPU = Debug|Any CPU
		Release|Any CPU = Release|Any CPU
	EndGlobalSection
	GlobalSection(ProjectConfigurationPlatforms) = postSolution
		{23AABFC8-9278-45B6-861B-AD522D18C4E2}.Debug|Any CPU.ActiveCfg = Debug|Any CPU
		{23AABFC8-9278-45B6-861B-AD522D18C4E2}.Debug|Any CPU.Build.0 = Debug|Any CPU
		{23AABFC8-9278-45B6-861B-AD522D18C4E2}.Release|Any CPU.ActiveCfg = Release|Any CPU
		{23AABFC8-9278-45B6-861B-AD522D18C4E2}.Release|Any CPU.Build.0 = Release|Any CPU
	EndGlobalSection
	GlobalSection(SolutionProperties) = preSolution
		HideSolutionNode = FALSE
	EndGlobalSection
	GlobalSection(ExtensibilityGlobals) = postSolution
		SolutionGuid = {41CC1BF5-BFD8-4A8E-AFE6-7F7ABFCB51A3}
	EndGlobalSection
EndGlobal
